
Microsoft Visual Studio Solution File, Format Version 12.00
# Visual Studio Version 16
VisualStudioVersion = 16.0.30011.22
MinimumVisualStudioVersion = 10.0.40219.1
Project("{FAE04EC0-301F-11D3-BF4B-00C04F79EFBC}") = "AndroidApp", "Src\AndroidApp\AndroidApp.csproj", "{7DA7C87F-626A-4951-9794-5600560AA785}"
EndProject
Project("{2150E333-8FDC-42A3-9474-1A3956D46DE8}") = "Core", "Core", "{4C7A6AB5-054A-4997-A80D-656B28C2ED05}"
EndProject
Project("{9A19103F-16F7-4668-BE54-9A1E7A4F7556}") = "Application", "Src\Application\Application.csproj", "{286F4AFA-FACD-4E06-9FC2-73DC807D77A7}"
EndProject
Project("{9A19103F-16F7-4668-BE54-9A1E7A4F7556}") = "Domain", "Src\Domain\Domain.csproj", "{FD81062A-5CB6-429C-9595-E8FBB8B249F6}"
EndProject
Project("{2150E333-8FDC-42A3-9474-1A3956D46DE8}") = "Infrastructure", "Infrastructure", "{2A5235B0-C876-4DA6-A34B-614D854C27F4}"
EndProject
Project("{FAE04EC0-301F-11D3-BF4B-00C04F79EFBC}") = "Persistence", "Src\Persistence\Persistence.csproj", "{B0920FAA-8FAD-4022-8995-B673684B702B}"
EndProject
Global
	GlobalSection(SolutionConfigurationPlatforms) = preSolution
		Debug|Any CPU = Debug|Any CPU
		Release|Any CPU = Release|Any CPU
	EndGlobalSection
	GlobalSection(ProjectConfigurationPlatforms) = postSolution
		{7DA7C87F-626A-4951-9794-5600560AA785}.Debug|Any CPU.ActiveCfg = Debug|Any CPU
		{7DA7C87F-626A-4951-9794-5600560AA785}.Debug|Any CPU.Build.0 = Debug|Any CPU
		{7DA7C87F-626A-4951-9794-5600560AA785}.Debug|Any CPU.Deploy.0 = Debug|Any CPU
		{7DA7C87F-626A-4951-9794-5600560AA785}.Release|Any CPU.ActiveCfg = Release|Any CPU
		{7DA7C87F-626A-4951-9794-5600560AA785}.Release|Any CPU.Build.0 = Release|Any CPU
		{7DA7C87F-626A-4951-9794-5600560AA785}.Release|Any CPU.Deploy.0 = Release|Any CPU
		{286F4AFA-FACD-4E06-9FC2-73DC807D77A7}.Debug|Any CPU.ActiveCfg = Debug|Any CPU
		{286F4AFA-FACD-4E06-9FC2-73DC807D77A7}.Debug|Any CPU.Build.0 = Debug|Any CPU
		{286F4AFA-FACD-4E06-9FC2-73DC807D77A7}.Release|Any CPU.ActiveCfg = Release|Any CPU
		{286F4AFA-FACD-4E06-9FC2-73DC807D77A7}.Release|Any CPU.Build.0 = Release|Any CPU
		{FD81062A-5CB6-429C-9595-E8FBB8B249F6}.Debug|Any CPU.ActiveCfg = Debug|Any CPU
		{FD81062A-5CB6-429C-9595-E8FBB8B249F6}.Debug|Any CPU.Build.0 = Debug|Any CPU
		{FD81062A-5CB6-429C-9595-E8FBB8B249F6}.Release|Any CPU.ActiveCfg = Release|Any CPU
		{FD81062A-5CB6-429C-9595-E8FBB8B249F6}.Release|Any CPU.Build.0 = Release|Any CPU
		{B0920FAA-8FAD-4022-8995-B673684B702B}.Debug|Any CPU.ActiveCfg = Debug|Any CPU
		{B0920FAA-8FAD-4022-8995-B673684B702B}.Debug|Any CPU.Build.0 = Debug|Any CPU
		{B0920FAA-8FAD-4022-8995-B673684B702B}.Release|Any CPU.ActiveCfg = Release|Any CPU
		{B0920FAA-8FAD-4022-8995-B673684B702B}.Release|Any CPU.Build.0 = Release|Any CPU
	EndGlobalSection
	GlobalSection(SolutionProperties) = preSolution
		HideSolutionNode = FALSE
	EndGlobalSection
	GlobalSection(NestedProjects) = preSolution
		{286F4AFA-FACD-4E06-9FC2-73DC807D77A7} = {4C7A6AB5-054A-4997-A80D-656B28C2ED05}
		{FD81062A-5CB6-429C-9595-E8FBB8B249F6} = {4C7A6AB5-054A-4997-A80D-656B28C2ED05}
		{B0920FAA-8FAD-4022-8995-B673684B702B} = {2A5235B0-C876-4DA6-A34B-614D854C27F4}
	EndGlobalSection
	GlobalSection(ExtensibilityGlobals) = postSolution
		SolutionGuid = {0836837D-B7F0-4269-9BF4-22C5C5DFDD37}
	EndGlobalSection
EndGlobal
