
Microsoft Visual Studio Solution File, Format Version 12.00
# Visual Studio Version 16
VisualStudioVersion = 16.0.30011.22
MinimumVisualStudioVersion = 10.0.40219.1
Project("{2150E333-8FDC-42A3-9474-1A3956D46DE8}") = "Core", "Core", "{4C7A6AB5-054A-4997-A80D-656B28C2ED05}"
EndProject
Project("{2150E333-8FDC-42A3-9474-1A3956D46DE8}") = "Infrastructure", "Infrastructure", "{2A5235B0-C876-4DA6-A34B-614D854C27F4}"
EndProject
Project("{2150E333-8FDC-42A3-9474-1A3956D46DE8}") = "Targets", "Targets", "{0D66C300-1B7A-4247-B1C2-5689E4B4966E}"
EndProject
Project("{FAE04EC0-301F-11D3-BF4B-00C04F79EFBC}") = "EverydayHabit.Android", "Src\Xamarin\Targets\EverydayHabit.Android\EverydayHabit.Android.csproj", "{76E2C1B6-41F5-4E43-999F-8BE72075D7A0}"
EndProject
Project("{9A19103F-16F7-4668-BE54-9A1E7A4F7556}") = "EverydayHabit.XamarinApp", "Src\Xamarin\EverydayHabit\EverydayHabit.XamarinApp.csproj", "{DF4B24B0-F17F-4B91-B420-4584F3120293}"
EndProject
Project("{2150E333-8FDC-42A3-9474-1A3956D46DE8}") = "Tests", "Tests", "{E9E256F6-CE5F-4060-9CF0-2AB50522291A}"
EndProject
Project("{9A19103F-16F7-4668-BE54-9A1E7A4F7556}") = "Application.IntegrationTests", "Tests\Application.IntegrationTests\Application.IntegrationTests.csproj", "{D7F5DF5E-E38B-4A52-A1A4-A417841017DC}"
EndProject
Project("{9A19103F-16F7-4668-BE54-9A1E7A4F7556}") = "Application.UnitTests", "Tests\Application.UnitTests\Application.UnitTests.csproj", "{7F24F827-4A0D-4BE7-BEE1-45121758D2F7}"
EndProject
Project("{FAE04EC0-301F-11D3-BF4B-00C04F79EFBC}") = "EverydayHabit.iOS", "Src\Xamarin\Targets\EverydayHabit.iOS\EverydayHabit.iOS.csproj", "{D7F9ACD7-AB47-464A-942F-370959CB1ED2}"
EndProject
Project("{9A19103F-16F7-4668-BE54-9A1E7A4F7556}") = "Domain", "Src\Core\Domain\Domain.csproj", "{72252032-C0CB-4716-BF29-0E26416F4E7F}"
EndProject
Project("{9A19103F-16F7-4668-BE54-9A1E7A4F7556}") = "Application", "Src\Core\Application\Application.csproj", "{1121BC7B-65EA-498D-98B9-130F9C73B153}"
EndProject
Project("{9A19103F-16F7-4668-BE54-9A1E7A4F7556}") = "Persistence", "Src\Infrastructure\Persistence\Persistence.csproj", "{66D7AB3C-B2B7-42C8-B2DD-45EE35805562}"
EndProject
Project("{2150E333-8FDC-42A3-9474-1A3956D46DE8}") = "Xamarin", "Xamarin", "{3F6880C2-6A29-4785-A0E8-1F29887E5312}"
EndProject
Project("{9A19103F-16F7-4668-BE54-9A1E7A4F7556}") = "Infrastructure.Common", "Src\Infrastructure\Infrastructure.Common\Infrastructure.Common.csproj", "{A1017383-AF9B-4DED-81C4-AC82778912A0}"
EndProject
Global
	GlobalSection(SolutionConfigurationPlatforms) = preSolution
		Debug|Any CPU = Debug|Any CPU
		Debug|ARM = Debug|ARM
		Debug|ARM64 = Debug|ARM64
		Debug|iPhone = Debug|iPhone
		Debug|iPhoneSimulator = Debug|iPhoneSimulator
		Debug|x64 = Debug|x64
		Debug|x86 = Debug|x86
		Release|Any CPU = Release|Any CPU
		Release|ARM = Release|ARM
		Release|ARM64 = Release|ARM64
		Release|iPhone = Release|iPhone
		Release|iPhoneSimulator = Release|iPhoneSimulator
		Release|x64 = Release|x64
		Release|x86 = Release|x86
	EndGlobalSection
	GlobalSection(ProjectConfigurationPlatforms) = postSolution
		{76E2C1B6-41F5-4E43-999F-8BE72075D7A0}.Debug|Any CPU.ActiveCfg = Debug|Any CPU
		{76E2C1B6-41F5-4E43-999F-8BE72075D7A0}.Debug|Any CPU.Build.0 = Debug|Any CPU
		{76E2C1B6-41F5-4E43-999F-8BE72075D7A0}.Debug|Any CPU.Deploy.0 = Debug|Any CPU
		{76E2C1B6-41F5-4E43-999F-8BE72075D7A0}.Debug|ARM.ActiveCfg = Debug|Any CPU
		{76E2C1B6-41F5-4E43-999F-8BE72075D7A0}.Debug|ARM.Build.0 = Debug|Any CPU
		{76E2C1B6-41F5-4E43-999F-8BE72075D7A0}.Debug|ARM.Deploy.0 = Debug|Any CPU
		{76E2C1B6-41F5-4E43-999F-8BE72075D7A0}.Debug|ARM64.ActiveCfg = Debug|Any CPU
		{76E2C1B6-41F5-4E43-999F-8BE72075D7A0}.Debug|ARM64.Build.0 = Debug|Any CPU
		{76E2C1B6-41F5-4E43-999F-8BE72075D7A0}.Debug|ARM64.Deploy.0 = Debug|Any CPU
		{76E2C1B6-41F5-4E43-999F-8BE72075D7A0}.Debug|iPhone.ActiveCfg = Debug|Any CPU
		{76E2C1B6-41F5-4E43-999F-8BE72075D7A0}.Debug|iPhone.Build.0 = Debug|Any CPU
		{76E2C1B6-41F5-4E43-999F-8BE72075D7A0}.Debug|iPhone.Deploy.0 = Debug|Any CPU
		{76E2C1B6-41F5-4E43-999F-8BE72075D7A0}.Debug|iPhoneSimulator.ActiveCfg = Debug|Any CPU
		{76E2C1B6-41F5-4E43-999F-8BE72075D7A0}.Debug|iPhoneSimulator.Build.0 = Debug|Any CPU
		{76E2C1B6-41F5-4E43-999F-8BE72075D7A0}.Debug|iPhoneSimulator.Deploy.0 = Debug|Any CPU
		{76E2C1B6-41F5-4E43-999F-8BE72075D7A0}.Debug|x64.ActiveCfg = Debug|Any CPU
		{76E2C1B6-41F5-4E43-999F-8BE72075D7A0}.Debug|x64.Build.0 = Debug|Any CPU
		{76E2C1B6-41F5-4E43-999F-8BE72075D7A0}.Debug|x64.Deploy.0 = Debug|Any CPU
		{76E2C1B6-41F5-4E43-999F-8BE72075D7A0}.Debug|x86.ActiveCfg = Debug|Any CPU
		{76E2C1B6-41F5-4E43-999F-8BE72075D7A0}.Debug|x86.Build.0 = Debug|Any CPU
		{76E2C1B6-41F5-4E43-999F-8BE72075D7A0}.Debug|x86.Deploy.0 = Debug|Any CPU
		{76E2C1B6-41F5-4E43-999F-8BE72075D7A0}.Release|Any CPU.ActiveCfg = Release|Any CPU
		{76E2C1B6-41F5-4E43-999F-8BE72075D7A0}.Release|Any CPU.Build.0 = Release|Any CPU
		{76E2C1B6-41F5-4E43-999F-8BE72075D7A0}.Release|Any CPU.Deploy.0 = Release|Any CPU
		{76E2C1B6-41F5-4E43-999F-8BE72075D7A0}.Release|ARM.ActiveCfg = Release|Any CPU
		{76E2C1B6-41F5-4E43-999F-8BE72075D7A0}.Release|ARM.Build.0 = Release|Any CPU
		{76E2C1B6-41F5-4E43-999F-8BE72075D7A0}.Release|ARM.Deploy.0 = Release|Any CPU
		{76E2C1B6-41F5-4E43-999F-8BE72075D7A0}.Release|ARM64.ActiveCfg = Release|Any CPU
		{76E2C1B6-41F5-4E43-999F-8BE72075D7A0}.Release|ARM64.Build.0 = Release|Any CPU
		{76E2C1B6-41F5-4E43-999F-8BE72075D7A0}.Release|ARM64.Deploy.0 = Release|Any CPU
		{76E2C1B6-41F5-4E43-999F-8BE72075D7A0}.Release|iPhone.ActiveCfg = Release|Any CPU
		{76E2C1B6-41F5-4E43-999F-8BE72075D7A0}.Release|iPhone.Build.0 = Release|Any CPU
		{76E2C1B6-41F5-4E43-999F-8BE72075D7A0}.Release|iPhone.Deploy.0 = Release|Any CPU
		{76E2C1B6-41F5-4E43-999F-8BE72075D7A0}.Release|iPhoneSimulator.ActiveCfg = Release|Any CPU
		{76E2C1B6-41F5-4E43-999F-8BE72075D7A0}.Release|iPhoneSimulator.Build.0 = Release|Any CPU
		{76E2C1B6-41F5-4E43-999F-8BE72075D7A0}.Release|iPhoneSimulator.Deploy.0 = Release|Any CPU
		{76E2C1B6-41F5-4E43-999F-8BE72075D7A0}.Release|x64.ActiveCfg = Release|Any CPU
		{76E2C1B6-41F5-4E43-999F-8BE72075D7A0}.Release|x64.Build.0 = Release|Any CPU
		{76E2C1B6-41F5-4E43-999F-8BE72075D7A0}.Release|x64.Deploy.0 = Release|Any CPU
		{76E2C1B6-41F5-4E43-999F-8BE72075D7A0}.Release|x86.ActiveCfg = Release|Any CPU
		{76E2C1B6-41F5-4E43-999F-8BE72075D7A0}.Release|x86.Build.0 = Release|Any CPU
		{76E2C1B6-41F5-4E43-999F-8BE72075D7A0}.Release|x86.Deploy.0 = Release|Any CPU
		{DF4B24B0-F17F-4B91-B420-4584F3120293}.Debug|Any CPU.ActiveCfg = Debug|Any CPU
		{DF4B24B0-F17F-4B91-B420-4584F3120293}.Debug|Any CPU.Build.0 = Debug|Any CPU
		{DF4B24B0-F17F-4B91-B420-4584F3120293}.Debug|ARM.ActiveCfg = Debug|Any CPU
		{DF4B24B0-F17F-4B91-B420-4584F3120293}.Debug|ARM.Build.0 = Debug|Any CPU
		{DF4B24B0-F17F-4B91-B420-4584F3120293}.Debug|ARM64.ActiveCfg = Debug|Any CPU
		{DF4B24B0-F17F-4B91-B420-4584F3120293}.Debug|ARM64.Build.0 = Debug|Any CPU
		{DF4B24B0-F17F-4B91-B420-4584F3120293}.Debug|iPhone.ActiveCfg = Debug|Any CPU
		{DF4B24B0-F17F-4B91-B420-4584F3120293}.Debug|iPhone.Build.0 = Debug|Any CPU
		{DF4B24B0-F17F-4B91-B420-4584F3120293}.Debug|iPhoneSimulator.ActiveCfg = Debug|Any CPU
		{DF4B24B0-F17F-4B91-B420-4584F3120293}.Debug|iPhoneSimulator.Build.0 = Debug|Any CPU
		{DF4B24B0-F17F-4B91-B420-4584F3120293}.Debug|x64.ActiveCfg = Debug|Any CPU
		{DF4B24B0-F17F-4B91-B420-4584F3120293}.Debug|x64.Build.0 = Debug|Any CPU
		{DF4B24B0-F17F-4B91-B420-4584F3120293}.Debug|x86.ActiveCfg = Debug|Any CPU
		{DF4B24B0-F17F-4B91-B420-4584F3120293}.Debug|x86.Build.0 = Debug|Any CPU
		{DF4B24B0-F17F-4B91-B420-4584F3120293}.Release|Any CPU.ActiveCfg = Release|Any CPU
		{DF4B24B0-F17F-4B91-B420-4584F3120293}.Release|Any CPU.Build.0 = Release|Any CPU
		{DF4B24B0-F17F-4B91-B420-4584F3120293}.Release|ARM.ActiveCfg = Release|Any CPU
		{DF4B24B0-F17F-4B91-B420-4584F3120293}.Release|ARM.Build.0 = Release|Any CPU
		{DF4B24B0-F17F-4B91-B420-4584F3120293}.Release|ARM64.ActiveCfg = Release|Any CPU
		{DF4B24B0-F17F-4B91-B420-4584F3120293}.Release|ARM64.Build.0 = Release|Any CPU
		{DF4B24B0-F17F-4B91-B420-4584F3120293}.Release|iPhone.ActiveCfg = Release|Any CPU
		{DF4B24B0-F17F-4B91-B420-4584F3120293}.Release|iPhone.Build.0 = Release|Any CPU
		{DF4B24B0-F17F-4B91-B420-4584F3120293}.Release|iPhoneSimulator.ActiveCfg = Release|Any CPU
		{DF4B24B0-F17F-4B91-B420-4584F3120293}.Release|iPhoneSimulator.Build.0 = Release|Any CPU
		{DF4B24B0-F17F-4B91-B420-4584F3120293}.Release|x64.ActiveCfg = Release|Any CPU
		{DF4B24B0-F17F-4B91-B420-4584F3120293}.Release|x64.Build.0 = Release|Any CPU
		{DF4B24B0-F17F-4B91-B420-4584F3120293}.Release|x86.ActiveCfg = Release|Any CPU
		{DF4B24B0-F17F-4B91-B420-4584F3120293}.Release|x86.Build.0 = Release|Any CPU
		{D7F5DF5E-E38B-4A52-A1A4-A417841017DC}.Debug|Any CPU.ActiveCfg = Debug|Any CPU
		{D7F5DF5E-E38B-4A52-A1A4-A417841017DC}.Debug|Any CPU.Build.0 = Debug|Any CPU
		{D7F5DF5E-E38B-4A52-A1A4-A417841017DC}.Debug|ARM.ActiveCfg = Debug|Any CPU
		{D7F5DF5E-E38B-4A52-A1A4-A417841017DC}.Debug|ARM.Build.0 = Debug|Any CPU
		{D7F5DF5E-E38B-4A52-A1A4-A417841017DC}.Debug|ARM64.ActiveCfg = Debug|Any CPU
		{D7F5DF5E-E38B-4A52-A1A4-A417841017DC}.Debug|ARM64.Build.0 = Debug|Any CPU
		{D7F5DF5E-E38B-4A52-A1A4-A417841017DC}.Debug|iPhone.ActiveCfg = Debug|Any CPU
		{D7F5DF5E-E38B-4A52-A1A4-A417841017DC}.Debug|iPhone.Build.0 = Debug|Any CPU
		{D7F5DF5E-E38B-4A52-A1A4-A417841017DC}.Debug|iPhoneSimulator.ActiveCfg = Debug|Any CPU
		{D7F5DF5E-E38B-4A52-A1A4-A417841017DC}.Debug|iPhoneSimulator.Build.0 = Debug|Any CPU
		{D7F5DF5E-E38B-4A52-A1A4-A417841017DC}.Debug|x64.ActiveCfg = Debug|Any CPU
		{D7F5DF5E-E38B-4A52-A1A4-A417841017DC}.Debug|x64.Build.0 = Debug|Any CPU
		{D7F5DF5E-E38B-4A52-A1A4-A417841017DC}.Debug|x86.ActiveCfg = Debug|Any CPU
		{D7F5DF5E-E38B-4A52-A1A4-A417841017DC}.Debug|x86.Build.0 = Debug|Any CPU
		{D7F5DF5E-E38B-4A52-A1A4-A417841017DC}.Release|Any CPU.ActiveCfg = Release|Any CPU
		{D7F5DF5E-E38B-4A52-A1A4-A417841017DC}.Release|Any CPU.Build.0 = Release|Any CPU
		{D7F5DF5E-E38B-4A52-A1A4-A417841017DC}.Release|ARM.ActiveCfg = Release|Any CPU
		{D7F5DF5E-E38B-4A52-A1A4-A417841017DC}.Release|ARM.Build.0 = Release|Any CPU
		{D7F5DF5E-E38B-4A52-A1A4-A417841017DC}.Release|ARM64.ActiveCfg = Release|Any CPU
		{D7F5DF5E-E38B-4A52-A1A4-A417841017DC}.Release|ARM64.Build.0 = Release|Any CPU
		{D7F5DF5E-E38B-4A52-A1A4-A417841017DC}.Release|iPhone.ActiveCfg = Release|Any CPU
		{D7F5DF5E-E38B-4A52-A1A4-A417841017DC}.Release|iPhone.Build.0 = Release|Any CPU
		{D7F5DF5E-E38B-4A52-A1A4-A417841017DC}.Release|iPhoneSimulator.ActiveCfg = Release|Any CPU
		{D7F5DF5E-E38B-4A52-A1A4-A417841017DC}.Release|iPhoneSimulator.Build.0 = Release|Any CPU
		{D7F5DF5E-E38B-4A52-A1A4-A417841017DC}.Release|x64.ActiveCfg = Release|Any CPU
		{D7F5DF5E-E38B-4A52-A1A4-A417841017DC}.Release|x64.Build.0 = Release|Any CPU
		{D7F5DF5E-E38B-4A52-A1A4-A417841017DC}.Release|x86.ActiveCfg = Release|Any CPU
		{D7F5DF5E-E38B-4A52-A1A4-A417841017DC}.Release|x86.Build.0 = Release|Any CPU
		{7F24F827-4A0D-4BE7-BEE1-45121758D2F7}.Debug|Any CPU.ActiveCfg = Debug|Any CPU
		{7F24F827-4A0D-4BE7-BEE1-45121758D2F7}.Debug|Any CPU.Build.0 = Debug|Any CPU
		{7F24F827-4A0D-4BE7-BEE1-45121758D2F7}.Debug|ARM.ActiveCfg = Debug|Any CPU
		{7F24F827-4A0D-4BE7-BEE1-45121758D2F7}.Debug|ARM.Build.0 = Debug|Any CPU
		{7F24F827-4A0D-4BE7-BEE1-45121758D2F7}.Debug|ARM64.ActiveCfg = Debug|Any CPU
		{7F24F827-4A0D-4BE7-BEE1-45121758D2F7}.Debug|ARM64.Build.0 = Debug|Any CPU
		{7F24F827-4A0D-4BE7-BEE1-45121758D2F7}.Debug|iPhone.ActiveCfg = Debug|Any CPU
		{7F24F827-4A0D-4BE7-BEE1-45121758D2F7}.Debug|iPhone.Build.0 = Debug|Any CPU
		{7F24F827-4A0D-4BE7-BEE1-45121758D2F7}.Debug|iPhoneSimulator.ActiveCfg = Debug|Any CPU
		{7F24F827-4A0D-4BE7-BEE1-45121758D2F7}.Debug|iPhoneSimulator.Build.0 = Debug|Any CPU
		{7F24F827-4A0D-4BE7-BEE1-45121758D2F7}.Debug|x64.ActiveCfg = Debug|Any CPU
		{7F24F827-4A0D-4BE7-BEE1-45121758D2F7}.Debug|x64.Build.0 = Debug|Any CPU
		{7F24F827-4A0D-4BE7-BEE1-45121758D2F7}.Debug|x86.ActiveCfg = Debug|Any CPU
		{7F24F827-4A0D-4BE7-BEE1-45121758D2F7}.Debug|x86.Build.0 = Debug|Any CPU
		{7F24F827-4A0D-4BE7-BEE1-45121758D2F7}.Release|Any CPU.ActiveCfg = Release|Any CPU
		{7F24F827-4A0D-4BE7-BEE1-45121758D2F7}.Release|Any CPU.Build.0 = Release|Any CPU
		{7F24F827-4A0D-4BE7-BEE1-45121758D2F7}.Release|ARM.ActiveCfg = Release|Any CPU
		{7F24F827-4A0D-4BE7-BEE1-45121758D2F7}.Release|ARM.Build.0 = Release|Any CPU
		{7F24F827-4A0D-4BE7-BEE1-45121758D2F7}.Release|ARM64.ActiveCfg = Release|Any CPU
		{7F24F827-4A0D-4BE7-BEE1-45121758D2F7}.Release|ARM64.Build.0 = Release|Any CPU
		{7F24F827-4A0D-4BE7-BEE1-45121758D2F7}.Release|iPhone.ActiveCfg = Release|Any CPU
		{7F24F827-4A0D-4BE7-BEE1-45121758D2F7}.Release|iPhone.Build.0 = Release|Any CPU
		{7F24F827-4A0D-4BE7-BEE1-45121758D2F7}.Release|iPhoneSimulator.ActiveCfg = Release|Any CPU
		{7F24F827-4A0D-4BE7-BEE1-45121758D2F7}.Release|iPhoneSimulator.Build.0 = Release|Any CPU
		{7F24F827-4A0D-4BE7-BEE1-45121758D2F7}.Release|x64.ActiveCfg = Release|Any CPU
		{7F24F827-4A0D-4BE7-BEE1-45121758D2F7}.Release|x64.Build.0 = Release|Any CPU
		{7F24F827-4A0D-4BE7-BEE1-45121758D2F7}.Release|x86.ActiveCfg = Release|Any CPU
		{7F24F827-4A0D-4BE7-BEE1-45121758D2F7}.Release|x86.Build.0 = Release|Any CPU
		{D7F9ACD7-AB47-464A-942F-370959CB1ED2}.Debug|Any CPU.ActiveCfg = Debug|iPhone
		{D7F9ACD7-AB47-464A-942F-370959CB1ED2}.Debug|ARM.ActiveCfg = Debug|iPhoneSimulator
		{D7F9ACD7-AB47-464A-942F-370959CB1ED2}.Debug|ARM64.ActiveCfg = Debug|iPhoneSimulator
		{D7F9ACD7-AB47-464A-942F-370959CB1ED2}.Debug|iPhone.ActiveCfg = Debug|iPhone
		{D7F9ACD7-AB47-464A-942F-370959CB1ED2}.Debug|iPhone.Build.0 = Debug|iPhone
		{D7F9ACD7-AB47-464A-942F-370959CB1ED2}.Debug|iPhoneSimulator.ActiveCfg = Debug|iPhoneSimulator
		{D7F9ACD7-AB47-464A-942F-370959CB1ED2}.Debug|iPhoneSimulator.Build.0 = Debug|iPhoneSimulator
		{D7F9ACD7-AB47-464A-942F-370959CB1ED2}.Debug|x64.ActiveCfg = Debug|iPhoneSimulator
		{D7F9ACD7-AB47-464A-942F-370959CB1ED2}.Debug|x86.ActiveCfg = Debug|iPhoneSimulator
		{D7F9ACD7-AB47-464A-942F-370959CB1ED2}.Release|Any CPU.ActiveCfg = Release|iPhone
		{D7F9ACD7-AB47-464A-942F-370959CB1ED2}.Release|ARM.ActiveCfg = Release|iPhoneSimulator
		{D7F9ACD7-AB47-464A-942F-370959CB1ED2}.Release|ARM64.ActiveCfg = Release|iPhoneSimulator
		{D7F9ACD7-AB47-464A-942F-370959CB1ED2}.Release|iPhone.ActiveCfg = Release|iPhone
		{D7F9ACD7-AB47-464A-942F-370959CB1ED2}.Release|iPhone.Build.0 = Release|iPhone
		{D7F9ACD7-AB47-464A-942F-370959CB1ED2}.Release|iPhoneSimulator.ActiveCfg = Release|iPhoneSimulator
		{D7F9ACD7-AB47-464A-942F-370959CB1ED2}.Release|iPhoneSimulator.Build.0 = Release|iPhoneSimulator
		{D7F9ACD7-AB47-464A-942F-370959CB1ED2}.Release|x64.ActiveCfg = Release|iPhoneSimulator
		{D7F9ACD7-AB47-464A-942F-370959CB1ED2}.Release|x86.ActiveCfg = Release|iPhoneSimulator
		{72252032-C0CB-4716-BF29-0E26416F4E7F}.Debug|Any CPU.ActiveCfg = Debug|Any CPU
		{72252032-C0CB-4716-BF29-0E26416F4E7F}.Debug|Any CPU.Build.0 = Debug|Any CPU
		{72252032-C0CB-4716-BF29-0E26416F4E7F}.Debug|ARM.ActiveCfg = Debug|Any CPU
		{72252032-C0CB-4716-BF29-0E26416F4E7F}.Debug|ARM.Build.0 = Debug|Any CPU
		{72252032-C0CB-4716-BF29-0E26416F4E7F}.Debug|ARM64.ActiveCfg = Debug|Any CPU
		{72252032-C0CB-4716-BF29-0E26416F4E7F}.Debug|ARM64.Build.0 = Debug|Any CPU
		{72252032-C0CB-4716-BF29-0E26416F4E7F}.Debug|iPhone.ActiveCfg = Debug|Any CPU
		{72252032-C0CB-4716-BF29-0E26416F4E7F}.Debug|iPhone.Build.0 = Debug|Any CPU
		{72252032-C0CB-4716-BF29-0E26416F4E7F}.Debug|iPhoneSimulator.ActiveCfg = Debug|Any CPU
		{72252032-C0CB-4716-BF29-0E26416F4E7F}.Debug|iPhoneSimulator.Build.0 = Debug|Any CPU
		{72252032-C0CB-4716-BF29-0E26416F4E7F}.Debug|x64.ActiveCfg = Debug|Any CPU
		{72252032-C0CB-4716-BF29-0E26416F4E7F}.Debug|x64.Build.0 = Debug|Any CPU
		{72252032-C0CB-4716-BF29-0E26416F4E7F}.Debug|x86.ActiveCfg = Debug|Any CPU
		{72252032-C0CB-4716-BF29-0E26416F4E7F}.Debug|x86.Build.0 = Debug|Any CPU
		{72252032-C0CB-4716-BF29-0E26416F4E7F}.Release|Any CPU.ActiveCfg = Release|Any CPU
		{72252032-C0CB-4716-BF29-0E26416F4E7F}.Release|Any CPU.Build.0 = Release|Any CPU
		{72252032-C0CB-4716-BF29-0E26416F4E7F}.Release|ARM.ActiveCfg = Release|Any CPU
		{72252032-C0CB-4716-BF29-0E26416F4E7F}.Release|ARM.Build.0 = Release|Any CPU
		{72252032-C0CB-4716-BF29-0E26416F4E7F}.Release|ARM64.ActiveCfg = Release|Any CPU
		{72252032-C0CB-4716-BF29-0E26416F4E7F}.Release|ARM64.Build.0 = Release|Any CPU
		{72252032-C0CB-4716-BF29-0E26416F4E7F}.Release|iPhone.ActiveCfg = Release|Any CPU
		{72252032-C0CB-4716-BF29-0E26416F4E7F}.Release|iPhone.Build.0 = Release|Any CPU
		{72252032-C0CB-4716-BF29-0E26416F4E7F}.Release|iPhoneSimulator.ActiveCfg = Release|Any CPU
		{72252032-C0CB-4716-BF29-0E26416F4E7F}.Release|iPhoneSimulator.Build.0 = Release|Any CPU
		{72252032-C0CB-4716-BF29-0E26416F4E7F}.Release|x64.ActiveCfg = Release|Any CPU
		{72252032-C0CB-4716-BF29-0E26416F4E7F}.Release|x64.Build.0 = Release|Any CPU
		{72252032-C0CB-4716-BF29-0E26416F4E7F}.Release|x86.ActiveCfg = Release|Any CPU
		{72252032-C0CB-4716-BF29-0E26416F4E7F}.Release|x86.Build.0 = Release|Any CPU
		{1121BC7B-65EA-498D-98B9-130F9C73B153}.Debug|Any CPU.ActiveCfg = Debug|Any CPU
		{1121BC7B-65EA-498D-98B9-130F9C73B153}.Debug|Any CPU.Build.0 = Debug|Any CPU
		{1121BC7B-65EA-498D-98B9-130F9C73B153}.Debug|ARM.ActiveCfg = Debug|Any CPU
		{1121BC7B-65EA-498D-98B9-130F9C73B153}.Debug|ARM.Build.0 = Debug|Any CPU
		{1121BC7B-65EA-498D-98B9-130F9C73B153}.Debug|ARM64.ActiveCfg = Debug|Any CPU
		{1121BC7B-65EA-498D-98B9-130F9C73B153}.Debug|ARM64.Build.0 = Debug|Any CPU
		{1121BC7B-65EA-498D-98B9-130F9C73B153}.Debug|iPhone.ActiveCfg = Debug|Any CPU
		{1121BC7B-65EA-498D-98B9-130F9C73B153}.Debug|iPhone.Build.0 = Debug|Any CPU
		{1121BC7B-65EA-498D-98B9-130F9C73B153}.Debug|iPhoneSimulator.ActiveCfg = Debug|Any CPU
		{1121BC7B-65EA-498D-98B9-130F9C73B153}.Debug|iPhoneSimulator.Build.0 = Debug|Any CPU
		{1121BC7B-65EA-498D-98B9-130F9C73B153}.Debug|x64.ActiveCfg = Debug|Any CPU
		{1121BC7B-65EA-498D-98B9-130F9C73B153}.Debug|x64.Build.0 = Debug|Any CPU
		{1121BC7B-65EA-498D-98B9-130F9C73B153}.Debug|x86.ActiveCfg = Debug|Any CPU
		{1121BC7B-65EA-498D-98B9-130F9C73B153}.Debug|x86.Build.0 = Debug|Any CPU
		{1121BC7B-65EA-498D-98B9-130F9C73B153}.Release|Any CPU.ActiveCfg = Release|Any CPU
		{1121BC7B-65EA-498D-98B9-130F9C73B153}.Release|Any CPU.Build.0 = Release|Any CPU
		{1121BC7B-65EA-498D-98B9-130F9C73B153}.Release|ARM.ActiveCfg = Release|Any CPU
		{1121BC7B-65EA-498D-98B9-130F9C73B153}.Release|ARM.Build.0 = Release|Any CPU
		{1121BC7B-65EA-498D-98B9-130F9C73B153}.Release|ARM64.ActiveCfg = Release|Any CPU
		{1121BC7B-65EA-498D-98B9-130F9C73B153}.Release|ARM64.Build.0 = Release|Any CPU
		{1121BC7B-65EA-498D-98B9-130F9C73B153}.Release|iPhone.ActiveCfg = Release|Any CPU
		{1121BC7B-65EA-498D-98B9-130F9C73B153}.Release|iPhone.Build.0 = Release|Any CPU
		{1121BC7B-65EA-498D-98B9-130F9C73B153}.Release|iPhoneSimulator.ActiveCfg = Release|Any CPU
		{1121BC7B-65EA-498D-98B9-130F9C73B153}.Release|iPhoneSimulator.Build.0 = Release|Any CPU
		{1121BC7B-65EA-498D-98B9-130F9C73B153}.Release|x64.ActiveCfg = Release|Any CPU
		{1121BC7B-65EA-498D-98B9-130F9C73B153}.Release|x64.Build.0 = Release|Any CPU
		{1121BC7B-65EA-498D-98B9-130F9C73B153}.Release|x86.ActiveCfg = Release|Any CPU
		{1121BC7B-65EA-498D-98B9-130F9C73B153}.Release|x86.Build.0 = Release|Any CPU
		{66D7AB3C-B2B7-42C8-B2DD-45EE35805562}.Debug|Any CPU.ActiveCfg = Debug|Any CPU
		{66D7AB3C-B2B7-42C8-B2DD-45EE35805562}.Debug|Any CPU.Build.0 = Debug|Any CPU
		{66D7AB3C-B2B7-42C8-B2DD-45EE35805562}.Debug|ARM.ActiveCfg = Debug|Any CPU
		{66D7AB3C-B2B7-42C8-B2DD-45EE35805562}.Debug|ARM.Build.0 = Debug|Any CPU
		{66D7AB3C-B2B7-42C8-B2DD-45EE35805562}.Debug|ARM64.ActiveCfg = Debug|Any CPU
		{66D7AB3C-B2B7-42C8-B2DD-45EE35805562}.Debug|ARM64.Build.0 = Debug|Any CPU
		{66D7AB3C-B2B7-42C8-B2DD-45EE35805562}.Debug|iPhone.ActiveCfg = Debug|Any CPU
		{66D7AB3C-B2B7-42C8-B2DD-45EE35805562}.Debug|iPhone.Build.0 = Debug|Any CPU
		{66D7AB3C-B2B7-42C8-B2DD-45EE35805562}.Debug|iPhoneSimulator.ActiveCfg = Debug|Any CPU
		{66D7AB3C-B2B7-42C8-B2DD-45EE35805562}.Debug|iPhoneSimulator.Build.0 = Debug|Any CPU
		{66D7AB3C-B2B7-42C8-B2DD-45EE35805562}.Debug|x64.ActiveCfg = Debug|Any CPU
		{66D7AB3C-B2B7-42C8-B2DD-45EE35805562}.Debug|x64.Build.0 = Debug|Any CPU
		{66D7AB3C-B2B7-42C8-B2DD-45EE35805562}.Debug|x86.ActiveCfg = Debug|Any CPU
		{66D7AB3C-B2B7-42C8-B2DD-45EE35805562}.Debug|x86.Build.0 = Debug|Any CPU
		{66D7AB3C-B2B7-42C8-B2DD-45EE35805562}.Release|Any CPU.ActiveCfg = Release|Any CPU
		{66D7AB3C-B2B7-42C8-B2DD-45EE35805562}.Release|Any CPU.Build.0 = Release|Any CPU
		{66D7AB3C-B2B7-42C8-B2DD-45EE35805562}.Release|ARM.ActiveCfg = Release|Any CPU
		{66D7AB3C-B2B7-42C8-B2DD-45EE35805562}.Release|ARM.Build.0 = Release|Any CPU
		{66D7AB3C-B2B7-42C8-B2DD-45EE35805562}.Release|ARM64.ActiveCfg = Release|Any CPU
		{66D7AB3C-B2B7-42C8-B2DD-45EE35805562}.Release|ARM64.Build.0 = Release|Any CPU
		{66D7AB3C-B2B7-42C8-B2DD-45EE35805562}.Release|iPhone.ActiveCfg = Release|Any CPU
		{66D7AB3C-B2B7-42C8-B2DD-45EE35805562}.Release|iPhone.Build.0 = Release|Any CPU
		{66D7AB3C-B2B7-42C8-B2DD-45EE35805562}.Release|iPhoneSimulator.ActiveCfg = Release|Any CPU
		{66D7AB3C-B2B7-42C8-B2DD-45EE35805562}.Release|iPhoneSimulator.Build.0 = Release|Any CPU
		{66D7AB3C-B2B7-42C8-B2DD-45EE35805562}.Release|x64.ActiveCfg = Release|Any CPU
		{66D7AB3C-B2B7-42C8-B2DD-45EE35805562}.Release|x64.Build.0 = Release|Any CPU
		{66D7AB3C-B2B7-42C8-B2DD-45EE35805562}.Release|x86.ActiveCfg = Release|Any CPU
		{66D7AB3C-B2B7-42C8-B2DD-45EE35805562}.Release|x86.Build.0 = Release|Any CPU
		{A1017383-AF9B-4DED-81C4-AC82778912A0}.Debug|Any CPU.ActiveCfg = Debug|Any CPU
		{A1017383-AF9B-4DED-81C4-AC82778912A0}.Debug|Any CPU.Build.0 = Debug|Any CPU
		{A1017383-AF9B-4DED-81C4-AC82778912A0}.Debug|ARM.ActiveCfg = Debug|Any CPU
		{A1017383-AF9B-4DED-81C4-AC82778912A0}.Debug|ARM.Build.0 = Debug|Any CPU
		{A1017383-AF9B-4DED-81C4-AC82778912A0}.Debug|ARM64.ActiveCfg = Debug|Any CPU
		{A1017383-AF9B-4DED-81C4-AC82778912A0}.Debug|ARM64.Build.0 = Debug|Any CPU
		{A1017383-AF9B-4DED-81C4-AC82778912A0}.Debug|iPhone.ActiveCfg = Debug|Any CPU
		{A1017383-AF9B-4DED-81C4-AC82778912A0}.Debug|iPhone.Build.0 = Debug|Any CPU
		{A1017383-AF9B-4DED-81C4-AC82778912A0}.Debug|iPhoneSimulator.ActiveCfg = Debug|Any CPU
		{A1017383-AF9B-4DED-81C4-AC82778912A0}.Debug|iPhoneSimulator.Build.0 = Debug|Any CPU
		{A1017383-AF9B-4DED-81C4-AC82778912A0}.Debug|x64.ActiveCfg = Debug|Any CPU
		{A1017383-AF9B-4DED-81C4-AC82778912A0}.Debug|x64.Build.0 = Debug|Any CPU
		{A1017383-AF9B-4DED-81C4-AC82778912A0}.Debug|x86.ActiveCfg = Debug|Any CPU
		{A1017383-AF9B-4DED-81C4-AC82778912A0}.Debug|x86.Build.0 = Debug|Any CPU
		{A1017383-AF9B-4DED-81C4-AC82778912A0}.Release|Any CPU.ActiveCfg = Release|Any CPU
		{A1017383-AF9B-4DED-81C4-AC82778912A0}.Release|Any CPU.Build.0 = Release|Any CPU
		{A1017383-AF9B-4DED-81C4-AC82778912A0}.Release|ARM.ActiveCfg = Release|Any CPU
		{A1017383-AF9B-4DED-81C4-AC82778912A0}.Release|ARM.Build.0 = Release|Any CPU
		{A1017383-AF9B-4DED-81C4-AC82778912A0}.Release|ARM64.ActiveCfg = Release|Any CPU
		{A1017383-AF9B-4DED-81C4-AC82778912A0}.Release|ARM64.Build.0 = Release|Any CPU
		{A1017383-AF9B-4DED-81C4-AC82778912A0}.Release|iPhone.ActiveCfg = Release|Any CPU
		{A1017383-AF9B-4DED-81C4-AC82778912A0}.Release|iPhone.Build.0 = Release|Any CPU
		{A1017383-AF9B-4DED-81C4-AC82778912A0}.Release|iPhoneSimulator.ActiveCfg = Release|Any CPU
		{A1017383-AF9B-4DED-81C4-AC82778912A0}.Release|iPhoneSimulator.Build.0 = Release|Any CPU
		{A1017383-AF9B-4DED-81C4-AC82778912A0}.Release|x64.ActiveCfg = Release|Any CPU
		{A1017383-AF9B-4DED-81C4-AC82778912A0}.Release|x64.Build.0 = Release|Any CPU
		{A1017383-AF9B-4DED-81C4-AC82778912A0}.Release|x86.ActiveCfg = Release|Any CPU
		{A1017383-AF9B-4DED-81C4-AC82778912A0}.Release|x86.Build.0 = Release|Any CPU
	EndGlobalSection
	GlobalSection(SolutionProperties) = preSolution
		HideSolutionNode = FALSE
	EndGlobalSection
	GlobalSection(NestedProjects) = preSolution
		{0D66C300-1B7A-4247-B1C2-5689E4B4966E} = {3F6880C2-6A29-4785-A0E8-1F29887E5312}
		{76E2C1B6-41F5-4E43-999F-8BE72075D7A0} = {0D66C300-1B7A-4247-B1C2-5689E4B4966E}
		{DF4B24B0-F17F-4B91-B420-4584F3120293} = {3F6880C2-6A29-4785-A0E8-1F29887E5312}
		{D7F5DF5E-E38B-4A52-A1A4-A417841017DC} = {E9E256F6-CE5F-4060-9CF0-2AB50522291A}
		{7F24F827-4A0D-4BE7-BEE1-45121758D2F7} = {E9E256F6-CE5F-4060-9CF0-2AB50522291A}
		{D7F9ACD7-AB47-464A-942F-370959CB1ED2} = {0D66C300-1B7A-4247-B1C2-5689E4B4966E}
		{72252032-C0CB-4716-BF29-0E26416F4E7F} = {4C7A6AB5-054A-4997-A80D-656B28C2ED05}
		{1121BC7B-65EA-498D-98B9-130F9C73B153} = {4C7A6AB5-054A-4997-A80D-656B28C2ED05}
		{66D7AB3C-B2B7-42C8-B2DD-45EE35805562} = {2A5235B0-C876-4DA6-A34B-614D854C27F4}
		{A1017383-AF9B-4DED-81C4-AC82778912A0} = {2A5235B0-C876-4DA6-A34B-614D854C27F4}
	EndGlobalSection
	GlobalSection(ExtensibilityGlobals) = postSolution
		SolutionGuid = {0836837D-B7F0-4269-9BF4-22C5C5DFDD37}
	EndGlobalSection
EndGlobal
